
Microsoft Visual Studio Solution File, Format Version 11.00
# Visual C++ Express 2010
Project("{8BC9CEB8-8B4A-11D0-8D11-00A0C91BC942}") = "tv", "tv\tv.vcxproj", "{954C79B1-0547-4EC0-80B5-38AA00669838}"
EndProject
Project("{8BC9CEB8-8B4A-11D0-8D11-00A0C91BC942}") = "pelaajaLuokat2", "pelaaja\pelaajaLuokat2.vcxproj", "{DB8167E4-A778-4B65-B78F-F22716CB422C}"
EndProject
Global
	GlobalSection(SolutionConfigurationPlatforms) = preSolution
		Debug|Win32 = Debug|Win32
		Release|Win32 = Release|Win32
	EndGlobalSection
	GlobalSection(ProjectConfigurationPlatforms) = postSolution
		{954C79B1-0547-4EC0-80B5-38AA00669838}.Debug|Win32.ActiveCfg = Debug|Win32
		{954C79B1-0547-4EC0-80B5-38AA00669838}.Debug|Win32.Build.0 = Debug|Win32
		{954C79B1-0547-4EC0-80B5-38AA00669838}.Release|Win32.ActiveCfg = Release|Win32
		{954C79B1-0547-4EC0-80B5-38AA00669838}.Release|Win32.Build.0 = Release|Win32
		{DB8167E4-A778-4B65-B78F-F22716CB422C}.Debug|Win32.ActiveCfg = Debug|Win32
		{DB8167E4-A778-4B65-B78F-F22716CB422C}.Debug|Win32.Build.0 = Debug|Win32
		{DB8167E4-A778-4B65-B78F-F22716CB422C}.Release|Win32.ActiveCfg = Release|Win32
		{DB8167E4-A778-4B65-B78F-F22716CB422C}.Release|Win32.Build.0 = Release|Win32
	EndGlobalSection
	GlobalSection(SolutionProperties) = preSolution
		HideSolutionNode = FALSE
	EndGlobalSection
EndGlobal
