
Microsoft Visual Studio Solution File, Format Version 11.00
# Visual C++ Express 2010
Project("{8BC9CEB8-8B4A-11D0-8D11-00A0C91BC942}") = "test", "test\test.vcxproj", "{94EF3736-1772-4FA2-8871-940F012A002E}"
EndProject
Global
	GlobalSection(SolutionConfigurationPlatforms) = preSolution
		Debug|Win32 = Debug|Win32
		Release|Win32 = Release|Win32
	EndGlobalSection
	GlobalSection(ProjectConfigurationPlatforms) = postSolution
		{94EF3736-1772-4FA2-8871-940F012A002E}.Debug|Win32.ActiveCfg = Debug|Win32
		{94EF3736-1772-4FA2-8871-940F012A002E}.Debug|Win32.Build.0 = Debug|Win32
		{94EF3736-1772-4FA2-8871-940F012A002E}.Release|Win32.ActiveCfg = Release|Win32
		{94EF3736-1772-4FA2-8871-940F012A002E}.Release|Win32.Build.0 = Release|Win32
	EndGlobalSection
	GlobalSection(SolutionProperties) = preSolution
		HideSolutionNode = FALSE
	EndGlobalSection
EndGlobal
